
Microsoft Visual Studio Solution File, Format Version 12.00
# Visual Studio Version 16
VisualStudioVersion = 16.0.29709.97
MinimumVisualStudioVersion = 10.0.40219.1
Project("{D954291E-2A0B-460D-934E-DC6B0785DB48}") = "CODuo.Shared", "CODuo\CODuo.Shared\CODuo.Shared.shproj", "{6279C845-92F8-4333-AB99-3D213163593C}"
EndProject
Project("{FAE04EC0-301F-11D3-BF4B-00C04F79EFBC}") = "CODuo.Droid", "CODuo\CODuo.Droid\CODuo.Droid.csproj", "{D821D0DE-EAE6-4DBF-A13F-4133FB602BE5}"
EndProject
Project("{FAE04EC0-301F-11D3-BF4B-00C04F79EFBC}") = "CODuo.iOS", "CODuo\CODuo.iOS\CODuo.iOS.csproj", "{E084A055-4918-45F2-8C1E-EBC177891769}"
EndProject
Project("{FAE04EC0-301F-11D3-BF4B-00C04F79EFBC}") = "CODuo.UWP", "CODuo\CODuo.UWP\CODuo.UWP.csproj", "{5548F22E-6B3C-4B29-BD57-C5BAE5022DB7}"
EndProject
Project("{9A19103F-16F7-4668-BE54-9A1E7A4F7556}") = "CODuo.Wasm", "CODuo\CODuo.Wasm\CODuo.Wasm.csproj", "{D3B3B6E8-3265-42F6-9EF8-CB77856BB996}"
EndProject
Project("{2150E333-8FDC-42A3-9474-1A3956D46DE8}") = "UI", "UI", "{2DDD1D44-0B31-4DD9-8D9E-ABEEBF585220}"
EndProject
Project("{9A19103F-16F7-4668-BE54-9A1E7A4F7556}") = "CODuo.Common", "CODuo.Common\CODuo.Common.csproj", "{B6085C3B-2368-4B61-B933-A1B70848438B}"
EndProject
Project("{2150E333-8FDC-42A3-9474-1A3956D46DE8}") = "Fonts", "Fonts", "{850C43A4-4DBC-4AEE-94C0-811F85FF23AE}"
	ProjectSection(SolutionItems) = preProject
		Fonts\impact.ttf = Fonts\impact.ttf
		Fonts\msgothic.ttc = Fonts\msgothic.ttc
	EndProjectSection
EndProject
Global
	GlobalSection(SharedMSBuildProjectFiles) = preSolution
		CODuo\CODuo.Shared\CODuo.Shared.projitems*{5548f22e-6b3c-4b29-bd57-c5bae5022db7}*SharedItemsImports = 4
		CODuo\CODuo.Shared\CODuo.Shared.projitems*{6279c845-92f8-4333-ab99-3d213163593c}*SharedItemsImports = 13
		CODuo\CODuo.Shared\CODuo.Shared.projitems*{e084a055-4918-45f2-8c1e-ebc177891769}*SharedItemsImports = 4
	EndGlobalSection
	GlobalSection(SolutionConfigurationPlatforms) = preSolution
		Ad-Hoc|Any CPU = Ad-Hoc|Any CPU
		Ad-Hoc|ARM = Ad-Hoc|ARM
		Ad-Hoc|iPhone = Ad-Hoc|iPhone
		Ad-Hoc|iPhoneSimulator = Ad-Hoc|iPhoneSimulator
		Ad-Hoc|x64 = Ad-Hoc|x64
		Ad-Hoc|x86 = Ad-Hoc|x86
		AppStore|Any CPU = AppStore|Any CPU
		AppStore|ARM = AppStore|ARM
		AppStore|iPhone = AppStore|iPhone
		AppStore|iPhoneSimulator = AppStore|iPhoneSimulator
		AppStore|x64 = AppStore|x64
		AppStore|x86 = AppStore|x86
		Debug|Any CPU = Debug|Any CPU
		Debug|ARM = Debug|ARM
		Debug|iPhone = Debug|iPhone
		Debug|iPhoneSimulator = Debug|iPhoneSimulator
		Debug|x64 = Debug|x64
		Debug|x86 = Debug|x86
		Release|Any CPU = Release|Any CPU
		Release|ARM = Release|ARM
		Release|iPhone = Release|iPhone
		Release|iPhoneSimulator = Release|iPhoneSimulator
		Release|x64 = Release|x64
		Release|x86 = Release|x86
	EndGlobalSection
	GlobalSection(ProjectConfigurationPlatforms) = postSolution
		{D821D0DE-EAE6-4DBF-A13F-4133FB602BE5}.Ad-Hoc|Any CPU.ActiveCfg = Release|Any CPU
		{D821D0DE-EAE6-4DBF-A13F-4133FB602BE5}.Ad-Hoc|Any CPU.Build.0 = Release|Any CPU
		{D821D0DE-EAE6-4DBF-A13F-4133FB602BE5}.Ad-Hoc|Any CPU.Deploy.0 = Release|Any CPU
		{D821D0DE-EAE6-4DBF-A13F-4133FB602BE5}.Ad-Hoc|ARM.ActiveCfg = Release|Any CPU
		{D821D0DE-EAE6-4DBF-A13F-4133FB602BE5}.Ad-Hoc|ARM.Build.0 = Release|Any CPU
		{D821D0DE-EAE6-4DBF-A13F-4133FB602BE5}.Ad-Hoc|ARM.Deploy.0 = Release|Any CPU
		{D821D0DE-EAE6-4DBF-A13F-4133FB602BE5}.Ad-Hoc|iPhone.ActiveCfg = Release|Any CPU
		{D821D0DE-EAE6-4DBF-A13F-4133FB602BE5}.Ad-Hoc|iPhone.Build.0 = Release|Any CPU
		{D821D0DE-EAE6-4DBF-A13F-4133FB602BE5}.Ad-Hoc|iPhone.Deploy.0 = Release|Any CPU
		{D821D0DE-EAE6-4DBF-A13F-4133FB602BE5}.Ad-Hoc|iPhoneSimulator.ActiveCfg = Release|Any CPU
		{D821D0DE-EAE6-4DBF-A13F-4133FB602BE5}.Ad-Hoc|iPhoneSimulator.Build.0 = Release|Any CPU
		{D821D0DE-EAE6-4DBF-A13F-4133FB602BE5}.Ad-Hoc|iPhoneSimulator.Deploy.0 = Release|Any CPU
		{D821D0DE-EAE6-4DBF-A13F-4133FB602BE5}.Ad-Hoc|x64.ActiveCfg = Release|Any CPU
		{D821D0DE-EAE6-4DBF-A13F-4133FB602BE5}.Ad-Hoc|x64.Build.0 = Release|Any CPU
		{D821D0DE-EAE6-4DBF-A13F-4133FB602BE5}.Ad-Hoc|x64.Deploy.0 = Release|Any CPU
		{D821D0DE-EAE6-4DBF-A13F-4133FB602BE5}.Ad-Hoc|x86.ActiveCfg = Release|Any CPU
		{D821D0DE-EAE6-4DBF-A13F-4133FB602BE5}.Ad-Hoc|x86.Build.0 = Release|Any CPU
		{D821D0DE-EAE6-4DBF-A13F-4133FB602BE5}.Ad-Hoc|x86.Deploy.0 = Release|Any CPU
		{D821D0DE-EAE6-4DBF-A13F-4133FB602BE5}.AppStore|Any CPU.ActiveCfg = Release|Any CPU
		{D821D0DE-EAE6-4DBF-A13F-4133FB602BE5}.AppStore|Any CPU.Build.0 = Release|Any CPU
		{D821D0DE-EAE6-4DBF-A13F-4133FB602BE5}.AppStore|Any CPU.Deploy.0 = Release|Any CPU
		{D821D0DE-EAE6-4DBF-A13F-4133FB602BE5}.AppStore|ARM.ActiveCfg = Release|Any CPU
		{D821D0DE-EAE6-4DBF-A13F-4133FB602BE5}.AppStore|ARM.Build.0 = Release|Any CPU
		{D821D0DE-EAE6-4DBF-A13F-4133FB602BE5}.AppStore|ARM.Deploy.0 = Release|Any CPU
		{D821D0DE-EAE6-4DBF-A13F-4133FB602BE5}.AppStore|iPhone.ActiveCfg = Release|Any CPU
		{D821D0DE-EAE6-4DBF-A13F-4133FB602BE5}.AppStore|iPhone.Build.0 = Release|Any CPU
		{D821D0DE-EAE6-4DBF-A13F-4133FB602BE5}.AppStore|iPhone.Deploy.0 = Release|Any CPU
		{D821D0DE-EAE6-4DBF-A13F-4133FB602BE5}.AppStore|iPhoneSimulator.ActiveCfg = Release|Any CPU
		{D821D0DE-EAE6-4DBF-A13F-4133FB602BE5}.AppStore|iPhoneSimulator.Build.0 = Release|Any CPU
		{D821D0DE-EAE6-4DBF-A13F-4133FB602BE5}.AppStore|iPhoneSimulator.Deploy.0 = Release|Any CPU
		{D821D0DE-EAE6-4DBF-A13F-4133FB602BE5}.AppStore|x64.ActiveCfg = Release|Any CPU
		{D821D0DE-EAE6-4DBF-A13F-4133FB602BE5}.AppStore|x64.Build.0 = Release|Any CPU
		{D821D0DE-EAE6-4DBF-A13F-4133FB602BE5}.AppStore|x64.Deploy.0 = Release|Any CPU
		{D821D0DE-EAE6-4DBF-A13F-4133FB602BE5}.AppStore|x86.ActiveCfg = Release|Any CPU
		{D821D0DE-EAE6-4DBF-A13F-4133FB602BE5}.AppStore|x86.Build.0 = Release|Any CPU
		{D821D0DE-EAE6-4DBF-A13F-4133FB602BE5}.AppStore|x86.Deploy.0 = Release|Any CPU
		{D821D0DE-EAE6-4DBF-A13F-4133FB602BE5}.Debug|Any CPU.ActiveCfg = Debug|Any CPU
		{D821D0DE-EAE6-4DBF-A13F-4133FB602BE5}.Debug|Any CPU.Build.0 = Debug|Any CPU
		{D821D0DE-EAE6-4DBF-A13F-4133FB602BE5}.Debug|Any CPU.Deploy.0 = Debug|Any CPU
		{D821D0DE-EAE6-4DBF-A13F-4133FB602BE5}.Debug|ARM.ActiveCfg = Debug|Any CPU
		{D821D0DE-EAE6-4DBF-A13F-4133FB602BE5}.Debug|ARM.Build.0 = Debug|Any CPU
		{D821D0DE-EAE6-4DBF-A13F-4133FB602BE5}.Debug|ARM.Deploy.0 = Debug|Any CPU
		{D821D0DE-EAE6-4DBF-A13F-4133FB602BE5}.Debug|iPhone.ActiveCfg = Debug|Any CPU
		{D821D0DE-EAE6-4DBF-A13F-4133FB602BE5}.Debug|iPhone.Build.0 = Debug|Any CPU
		{D821D0DE-EAE6-4DBF-A13F-4133FB602BE5}.Debug|iPhone.Deploy.0 = Debug|Any CPU
		{D821D0DE-EAE6-4DBF-A13F-4133FB602BE5}.Debug|iPhoneSimulator.ActiveCfg = Debug|Any CPU
		{D821D0DE-EAE6-4DBF-A13F-4133FB602BE5}.Debug|iPhoneSimulator.Build.0 = Debug|Any CPU
		{D821D0DE-EAE6-4DBF-A13F-4133FB602BE5}.Debug|iPhoneSimulator.Deploy.0 = Debug|Any CPU
		{D821D0DE-EAE6-4DBF-A13F-4133FB602BE5}.Debug|x64.ActiveCfg = Debug|Any CPU
		{D821D0DE-EAE6-4DBF-A13F-4133FB602BE5}.Debug|x64.Build.0 = Debug|Any CPU
		{D821D0DE-EAE6-4DBF-A13F-4133FB602BE5}.Debug|x64.Deploy.0 = Debug|Any CPU
		{D821D0DE-EAE6-4DBF-A13F-4133FB602BE5}.Debug|x86.ActiveCfg = Debug|Any CPU
		{D821D0DE-EAE6-4DBF-A13F-4133FB602BE5}.Debug|x86.Build.0 = Debug|Any CPU
		{D821D0DE-EAE6-4DBF-A13F-4133FB602BE5}.Debug|x86.Deploy.0 = Debug|Any CPU
		{D821D0DE-EAE6-4DBF-A13F-4133FB602BE5}.Release|Any CPU.ActiveCfg = Release|Any CPU
		{D821D0DE-EAE6-4DBF-A13F-4133FB602BE5}.Release|Any CPU.Build.0 = Release|Any CPU
		{D821D0DE-EAE6-4DBF-A13F-4133FB602BE5}.Release|Any CPU.Deploy.0 = Release|Any CPU
		{D821D0DE-EAE6-4DBF-A13F-4133FB602BE5}.Release|ARM.ActiveCfg = Release|Any CPU
		{D821D0DE-EAE6-4DBF-A13F-4133FB602BE5}.Release|ARM.Build.0 = Release|Any CPU
		{D821D0DE-EAE6-4DBF-A13F-4133FB602BE5}.Release|ARM.Deploy.0 = Release|Any CPU
		{D821D0DE-EAE6-4DBF-A13F-4133FB602BE5}.Release|iPhone.ActiveCfg = Release|Any CPU
		{D821D0DE-EAE6-4DBF-A13F-4133FB602BE5}.Release|iPhone.Build.0 = Release|Any CPU
		{D821D0DE-EAE6-4DBF-A13F-4133FB602BE5}.Release|iPhone.Deploy.0 = Release|Any CPU
		{D821D0DE-EAE6-4DBF-A13F-4133FB602BE5}.Release|iPhoneSimulator.ActiveCfg = Release|Any CPU
		{D821D0DE-EAE6-4DBF-A13F-4133FB602BE5}.Release|iPhoneSimulator.Build.0 = Release|Any CPU
		{D821D0DE-EAE6-4DBF-A13F-4133FB602BE5}.Release|iPhoneSimulator.Deploy.0 = Release|Any CPU
		{D821D0DE-EAE6-4DBF-A13F-4133FB602BE5}.Release|x64.ActiveCfg = Release|Any CPU
		{D821D0DE-EAE6-4DBF-A13F-4133FB602BE5}.Release|x64.Build.0 = Release|Any CPU
		{D821D0DE-EAE6-4DBF-A13F-4133FB602BE5}.Release|x64.Deploy.0 = Release|Any CPU
		{D821D0DE-EAE6-4DBF-A13F-4133FB602BE5}.Release|x86.ActiveCfg = Release|Any CPU
		{D821D0DE-EAE6-4DBF-A13F-4133FB602BE5}.Release|x86.Build.0 = Release|Any CPU
		{D821D0DE-EAE6-4DBF-A13F-4133FB602BE5}.Release|x86.Deploy.0 = Release|Any CPU
		{E084A055-4918-45F2-8C1E-EBC177891769}.Ad-Hoc|Any CPU.ActiveCfg = Ad-Hoc|iPhone
		{E084A055-4918-45F2-8C1E-EBC177891769}.Ad-Hoc|ARM.ActiveCfg = Ad-Hoc|iPhone
		{E084A055-4918-45F2-8C1E-EBC177891769}.Ad-Hoc|iPhone.ActiveCfg = Ad-Hoc|iPhone
		{E084A055-4918-45F2-8C1E-EBC177891769}.Ad-Hoc|iPhone.Build.0 = Ad-Hoc|iPhone
		{E084A055-4918-45F2-8C1E-EBC177891769}.Ad-Hoc|iPhoneSimulator.ActiveCfg = Ad-Hoc|iPhoneSimulator
		{E084A055-4918-45F2-8C1E-EBC177891769}.Ad-Hoc|iPhoneSimulator.Build.0 = Ad-Hoc|iPhoneSimulator
		{E084A055-4918-45F2-8C1E-EBC177891769}.Ad-Hoc|x64.ActiveCfg = Ad-Hoc|iPhone
		{E084A055-4918-45F2-8C1E-EBC177891769}.Ad-Hoc|x86.ActiveCfg = Ad-Hoc|iPhone
		{E084A055-4918-45F2-8C1E-EBC177891769}.AppStore|Any CPU.ActiveCfg = AppStore|iPhone
		{E084A055-4918-45F2-8C1E-EBC177891769}.AppStore|ARM.ActiveCfg = AppStore|iPhone
		{E084A055-4918-45F2-8C1E-EBC177891769}.AppStore|iPhone.ActiveCfg = AppStore|iPhone
		{E084A055-4918-45F2-8C1E-EBC177891769}.AppStore|iPhone.Build.0 = AppStore|iPhone
		{E084A055-4918-45F2-8C1E-EBC177891769}.AppStore|iPhoneSimulator.ActiveCfg = AppStore|iPhoneSimulator
		{E084A055-4918-45F2-8C1E-EBC177891769}.AppStore|iPhoneSimulator.Build.0 = AppStore|iPhoneSimulator
		{E084A055-4918-45F2-8C1E-EBC177891769}.AppStore|x64.ActiveCfg = AppStore|iPhone
		{E084A055-4918-45F2-8C1E-EBC177891769}.AppStore|x86.ActiveCfg = AppStore|iPhone
		{E084A055-4918-45F2-8C1E-EBC177891769}.Debug|Any CPU.ActiveCfg = Debug|iPhone
		{E084A055-4918-45F2-8C1E-EBC177891769}.Debug|ARM.ActiveCfg = Debug|iPhone
		{E084A055-4918-45F2-8C1E-EBC177891769}.Debug|iPhone.ActiveCfg = Debug|iPhone
		{E084A055-4918-45F2-8C1E-EBC177891769}.Debug|iPhone.Build.0 = Debug|iPhone
		{E084A055-4918-45F2-8C1E-EBC177891769}.Debug|iPhoneSimulator.ActiveCfg = Debug|iPhoneSimulator
		{E084A055-4918-45F2-8C1E-EBC177891769}.Debug|iPhoneSimulator.Build.0 = Debug|iPhoneSimulator
		{E084A055-4918-45F2-8C1E-EBC177891769}.Debug|x64.ActiveCfg = Debug|iPhone
		{E084A055-4918-45F2-8C1E-EBC177891769}.Debug|x86.ActiveCfg = Debug|iPhone
		{E084A055-4918-45F2-8C1E-EBC177891769}.Release|Any CPU.ActiveCfg = Release|iPhone
		{E084A055-4918-45F2-8C1E-EBC177891769}.Release|ARM.ActiveCfg = Release|iPhone
		{E084A055-4918-45F2-8C1E-EBC177891769}.Release|iPhone.ActiveCfg = Release|iPhone
		{E084A055-4918-45F2-8C1E-EBC177891769}.Release|iPhone.Build.0 = Release|iPhone
		{E084A055-4918-45F2-8C1E-EBC177891769}.Release|iPhoneSimulator.ActiveCfg = Release|iPhoneSimulator
		{E084A055-4918-45F2-8C1E-EBC177891769}.Release|iPhoneSimulator.Build.0 = Release|iPhoneSimulator
		{E084A055-4918-45F2-8C1E-EBC177891769}.Release|x64.ActiveCfg = Release|iPhone
		{E084A055-4918-45F2-8C1E-EBC177891769}.Release|x86.ActiveCfg = Release|iPhone
		{5548F22E-6B3C-4B29-BD57-C5BAE5022DB7}.Ad-Hoc|Any CPU.ActiveCfg = Release|x64
		{5548F22E-6B3C-4B29-BD57-C5BAE5022DB7}.Ad-Hoc|Any CPU.Build.0 = Release|x64
		{5548F22E-6B3C-4B29-BD57-C5BAE5022DB7}.Ad-Hoc|Any CPU.Deploy.0 = Release|x64
		{5548F22E-6B3C-4B29-BD57-C5BAE5022DB7}.Ad-Hoc|ARM.ActiveCfg = Release|ARM
		{5548F22E-6B3C-4B29-BD57-C5BAE5022DB7}.Ad-Hoc|ARM.Build.0 = Release|ARM
		{5548F22E-6B3C-4B29-BD57-C5BAE5022DB7}.Ad-Hoc|ARM.Deploy.0 = Release|ARM
		{5548F22E-6B3C-4B29-BD57-C5BAE5022DB7}.Ad-Hoc|iPhone.ActiveCfg = Release|x64
		{5548F22E-6B3C-4B29-BD57-C5BAE5022DB7}.Ad-Hoc|iPhone.Build.0 = Release|x64
		{5548F22E-6B3C-4B29-BD57-C5BAE5022DB7}.Ad-Hoc|iPhone.Deploy.0 = Release|x64
		{5548F22E-6B3C-4B29-BD57-C5BAE5022DB7}.Ad-Hoc|iPhoneSimulator.ActiveCfg = Release|x64
		{5548F22E-6B3C-4B29-BD57-C5BAE5022DB7}.Ad-Hoc|iPhoneSimulator.Build.0 = Release|x64
		{5548F22E-6B3C-4B29-BD57-C5BAE5022DB7}.Ad-Hoc|iPhoneSimulator.Deploy.0 = Release|x64
		{5548F22E-6B3C-4B29-BD57-C5BAE5022DB7}.Ad-Hoc|x64.ActiveCfg = Release|x64
		{5548F22E-6B3C-4B29-BD57-C5BAE5022DB7}.Ad-Hoc|x64.Build.0 = Release|x64
		{5548F22E-6B3C-4B29-BD57-C5BAE5022DB7}.Ad-Hoc|x64.Deploy.0 = Release|x64
		{5548F22E-6B3C-4B29-BD57-C5BAE5022DB7}.Ad-Hoc|x86.ActiveCfg = Release|x86
		{5548F22E-6B3C-4B29-BD57-C5BAE5022DB7}.Ad-Hoc|x86.Build.0 = Release|x86
		{5548F22E-6B3C-4B29-BD57-C5BAE5022DB7}.Ad-Hoc|x86.Deploy.0 = Release|x86
		{5548F22E-6B3C-4B29-BD57-C5BAE5022DB7}.AppStore|Any CPU.ActiveCfg = Release|x64
		{5548F22E-6B3C-4B29-BD57-C5BAE5022DB7}.AppStore|Any CPU.Build.0 = Release|x64
		{5548F22E-6B3C-4B29-BD57-C5BAE5022DB7}.AppStore|Any CPU.Deploy.0 = Release|x64
		{5548F22E-6B3C-4B29-BD57-C5BAE5022DB7}.AppStore|ARM.ActiveCfg = Release|ARM
		{5548F22E-6B3C-4B29-BD57-C5BAE5022DB7}.AppStore|ARM.Build.0 = Release|ARM
		{5548F22E-6B3C-4B29-BD57-C5BAE5022DB7}.AppStore|ARM.Deploy.0 = Release|ARM
		{5548F22E-6B3C-4B29-BD57-C5BAE5022DB7}.AppStore|iPhone.ActiveCfg = Release|x64
		{5548F22E-6B3C-4B29-BD57-C5BAE5022DB7}.AppStore|iPhone.Build.0 = Release|x64
		{5548F22E-6B3C-4B29-BD57-C5BAE5022DB7}.AppStore|iPhone.Deploy.0 = Release|x64
		{5548F22E-6B3C-4B29-BD57-C5BAE5022DB7}.AppStore|iPhoneSimulator.ActiveCfg = Release|x64
		{5548F22E-6B3C-4B29-BD57-C5BAE5022DB7}.AppStore|iPhoneSimulator.Build.0 = Release|x64
		{5548F22E-6B3C-4B29-BD57-C5BAE5022DB7}.AppStore|iPhoneSimulator.Deploy.0 = Release|x64
		{5548F22E-6B3C-4B29-BD57-C5BAE5022DB7}.AppStore|x64.ActiveCfg = Release|x64
		{5548F22E-6B3C-4B29-BD57-C5BAE5022DB7}.AppStore|x64.Build.0 = Release|x64
		{5548F22E-6B3C-4B29-BD57-C5BAE5022DB7}.AppStore|x64.Deploy.0 = Release|x64
		{5548F22E-6B3C-4B29-BD57-C5BAE5022DB7}.AppStore|x86.ActiveCfg = Release|x86
		{5548F22E-6B3C-4B29-BD57-C5BAE5022DB7}.AppStore|x86.Build.0 = Release|x86
		{5548F22E-6B3C-4B29-BD57-C5BAE5022DB7}.AppStore|x86.Deploy.0 = Release|x86
		{5548F22E-6B3C-4B29-BD57-C5BAE5022DB7}.Debug|Any CPU.ActiveCfg = Debug|x86
		{5548F22E-6B3C-4B29-BD57-C5BAE5022DB7}.Debug|Any CPU.Build.0 = Debug|x86
		{5548F22E-6B3C-4B29-BD57-C5BAE5022DB7}.Debug|Any CPU.Deploy.0 = Debug|x86
		{5548F22E-6B3C-4B29-BD57-C5BAE5022DB7}.Debug|ARM.ActiveCfg = Debug|ARM
		{5548F22E-6B3C-4B29-BD57-C5BAE5022DB7}.Debug|ARM.Build.0 = Debug|ARM
		{5548F22E-6B3C-4B29-BD57-C5BAE5022DB7}.Debug|ARM.Deploy.0 = Debug|ARM
		{5548F22E-6B3C-4B29-BD57-C5BAE5022DB7}.Debug|iPhone.ActiveCfg = Debug|x86
		{5548F22E-6B3C-4B29-BD57-C5BAE5022DB7}.Debug|iPhoneSimulator.ActiveCfg = Debug|x86
		{5548F22E-6B3C-4B29-BD57-C5BAE5022DB7}.Debug|x64.ActiveCfg = Debug|x64
		{5548F22E-6B3C-4B29-BD57-C5BAE5022DB7}.Debug|x64.Build.0 = Debug|x64
		{5548F22E-6B3C-4B29-BD57-C5BAE5022DB7}.Debug|x64.Deploy.0 = Debug|x64
		{5548F22E-6B3C-4B29-BD57-C5BAE5022DB7}.Debug|x86.ActiveCfg = Debug|x86
		{5548F22E-6B3C-4B29-BD57-C5BAE5022DB7}.Debug|x86.Build.0 = Debug|x86
		{5548F22E-6B3C-4B29-BD57-C5BAE5022DB7}.Debug|x86.Deploy.0 = Debug|x86
		{5548F22E-6B3C-4B29-BD57-C5BAE5022DB7}.Release|Any CPU.ActiveCfg = Release|x86
		{5548F22E-6B3C-4B29-BD57-C5BAE5022DB7}.Release|ARM.ActiveCfg = Release|ARM
		{5548F22E-6B3C-4B29-BD57-C5BAE5022DB7}.Release|ARM.Build.0 = Release|ARM
		{5548F22E-6B3C-4B29-BD57-C5BAE5022DB7}.Release|ARM.Deploy.0 = Release|ARM
		{5548F22E-6B3C-4B29-BD57-C5BAE5022DB7}.Release|iPhone.ActiveCfg = Release|x86
		{5548F22E-6B3C-4B29-BD57-C5BAE5022DB7}.Release|iPhoneSimulator.ActiveCfg = Release|x86
		{5548F22E-6B3C-4B29-BD57-C5BAE5022DB7}.Release|x64.ActiveCfg = Release|x64
		{5548F22E-6B3C-4B29-BD57-C5BAE5022DB7}.Release|x64.Build.0 = Release|x64
		{5548F22E-6B3C-4B29-BD57-C5BAE5022DB7}.Release|x64.Deploy.0 = Release|x64
		{5548F22E-6B3C-4B29-BD57-C5BAE5022DB7}.Release|x86.ActiveCfg = Release|x86
		{5548F22E-6B3C-4B29-BD57-C5BAE5022DB7}.Release|x86.Build.0 = Release|x86
		{5548F22E-6B3C-4B29-BD57-C5BAE5022DB7}.Release|x86.Deploy.0 = Release|x86
		{D3B3B6E8-3265-42F6-9EF8-CB77856BB996}.Ad-Hoc|Any CPU.ActiveCfg = Debug|Any CPU
		{D3B3B6E8-3265-42F6-9EF8-CB77856BB996}.Ad-Hoc|Any CPU.Build.0 = Debug|Any CPU
		{D3B3B6E8-3265-42F6-9EF8-CB77856BB996}.Ad-Hoc|ARM.ActiveCfg = Debug|Any CPU
		{D3B3B6E8-3265-42F6-9EF8-CB77856BB996}.Ad-Hoc|ARM.Build.0 = Debug|Any CPU
		{D3B3B6E8-3265-42F6-9EF8-CB77856BB996}.Ad-Hoc|iPhone.ActiveCfg = Debug|Any CPU
		{D3B3B6E8-3265-42F6-9EF8-CB77856BB996}.Ad-Hoc|iPhone.Build.0 = Debug|Any CPU
		{D3B3B6E8-3265-42F6-9EF8-CB77856BB996}.Ad-Hoc|iPhoneSimulator.ActiveCfg = Debug|Any CPU
		{D3B3B6E8-3265-42F6-9EF8-CB77856BB996}.Ad-Hoc|iPhoneSimulator.Build.0 = Debug|Any CPU
		{D3B3B6E8-3265-42F6-9EF8-CB77856BB996}.Ad-Hoc|x64.ActiveCfg = Debug|Any CPU
		{D3B3B6E8-3265-42F6-9EF8-CB77856BB996}.Ad-Hoc|x64.Build.0 = Debug|Any CPU
		{D3B3B6E8-3265-42F6-9EF8-CB77856BB996}.Ad-Hoc|x86.ActiveCfg = Debug|Any CPU
		{D3B3B6E8-3265-42F6-9EF8-CB77856BB996}.Ad-Hoc|x86.Build.0 = Debug|Any CPU
		{D3B3B6E8-3265-42F6-9EF8-CB77856BB996}.AppStore|Any CPU.ActiveCfg = Debug|Any CPU
		{D3B3B6E8-3265-42F6-9EF8-CB77856BB996}.AppStore|Any CPU.Build.0 = Debug|Any CPU
		{D3B3B6E8-3265-42F6-9EF8-CB77856BB996}.AppStore|ARM.ActiveCfg = Debug|Any CPU
		{D3B3B6E8-3265-42F6-9EF8-CB77856BB996}.AppStore|ARM.Build.0 = Debug|Any CPU
		{D3B3B6E8-3265-42F6-9EF8-CB77856BB996}.AppStore|iPhone.ActiveCfg = Debug|Any CPU
		{D3B3B6E8-3265-42F6-9EF8-CB77856BB996}.AppStore|iPhone.Build.0 = Debug|Any CPU
		{D3B3B6E8-3265-42F6-9EF8-CB77856BB996}.AppStore|iPhoneSimulator.ActiveCfg = Debug|Any CPU
		{D3B3B6E8-3265-42F6-9EF8-CB77856BB996}.AppStore|iPhoneSimulator.Build.0 = Debug|Any CPU
		{D3B3B6E8-3265-42F6-9EF8-CB77856BB996}.AppStore|x64.ActiveCfg = Debug|Any CPU
		{D3B3B6E8-3265-42F6-9EF8-CB77856BB996}.AppStore|x64.Build.0 = Debug|Any CPU
		{D3B3B6E8-3265-42F6-9EF8-CB77856BB996}.AppStore|x86.ActiveCfg = Debug|Any CPU
		{D3B3B6E8-3265-42F6-9EF8-CB77856BB996}.AppStore|x86.Build.0 = Debug|Any CPU
		{D3B3B6E8-3265-42F6-9EF8-CB77856BB996}.Debug|Any CPU.ActiveCfg = Debug|Any CPU
		{D3B3B6E8-3265-42F6-9EF8-CB77856BB996}.Debug|Any CPU.Build.0 = Debug|Any CPU
		{D3B3B6E8-3265-42F6-9EF8-CB77856BB996}.Debug|ARM.ActiveCfg = Debug|Any CPU
		{D3B3B6E8-3265-42F6-9EF8-CB77856BB996}.Debug|ARM.Build.0 = Debug|Any CPU
		{D3B3B6E8-3265-42F6-9EF8-CB77856BB996}.Debug|iPhone.ActiveCfg = Debug|Any CPU
		{D3B3B6E8-3265-42F6-9EF8-CB77856BB996}.Debug|iPhone.Build.0 = Debug|Any CPU
		{D3B3B6E8-3265-42F6-9EF8-CB77856BB996}.Debug|iPhoneSimulator.ActiveCfg = Debug|Any CPU
		{D3B3B6E8-3265-42F6-9EF8-CB77856BB996}.Debug|iPhoneSimulator.Build.0 = Debug|Any CPU
		{D3B3B6E8-3265-42F6-9EF8-CB77856BB996}.Debug|x64.ActiveCfg = Debug|Any CPU
		{D3B3B6E8-3265-42F6-9EF8-CB77856BB996}.Debug|x64.Build.0 = Debug|Any CPU
		{D3B3B6E8-3265-42F6-9EF8-CB77856BB996}.Debug|x86.ActiveCfg = Debug|Any CPU
		{D3B3B6E8-3265-42F6-9EF8-CB77856BB996}.Debug|x86.Build.0 = Debug|Any CPU
		{D3B3B6E8-3265-42F6-9EF8-CB77856BB996}.Release|Any CPU.ActiveCfg = Release|Any CPU
		{D3B3B6E8-3265-42F6-9EF8-CB77856BB996}.Release|Any CPU.Build.0 = Release|Any CPU
		{D3B3B6E8-3265-42F6-9EF8-CB77856BB996}.Release|ARM.ActiveCfg = Release|Any CPU
		{D3B3B6E8-3265-42F6-9EF8-CB77856BB996}.Release|ARM.Build.0 = Release|Any CPU
		{D3B3B6E8-3265-42F6-9EF8-CB77856BB996}.Release|iPhone.ActiveCfg = Release|Any CPU
		{D3B3B6E8-3265-42F6-9EF8-CB77856BB996}.Release|iPhone.Build.0 = Release|Any CPU
		{D3B3B6E8-3265-42F6-9EF8-CB77856BB996}.Release|iPhoneSimulator.ActiveCfg = Release|Any CPU
		{D3B3B6E8-3265-42F6-9EF8-CB77856BB996}.Release|iPhoneSimulator.Build.0 = Release|Any CPU
		{D3B3B6E8-3265-42F6-9EF8-CB77856BB996}.Release|x64.ActiveCfg = Release|Any CPU
		{D3B3B6E8-3265-42F6-9EF8-CB77856BB996}.Release|x64.Build.0 = Release|Any CPU
		{D3B3B6E8-3265-42F6-9EF8-CB77856BB996}.Release|x86.ActiveCfg = Release|Any CPU
		{D3B3B6E8-3265-42F6-9EF8-CB77856BB996}.Release|x86.Build.0 = Release|Any CPU
		{B6085C3B-2368-4B61-B933-A1B70848438B}.Ad-Hoc|Any CPU.ActiveCfg = Debug|Any CPU
		{B6085C3B-2368-4B61-B933-A1B70848438B}.Ad-Hoc|Any CPU.Build.0 = Debug|Any CPU
		{B6085C3B-2368-4B61-B933-A1B70848438B}.Ad-Hoc|ARM.ActiveCfg = Debug|Any CPU
		{B6085C3B-2368-4B61-B933-A1B70848438B}.Ad-Hoc|ARM.Build.0 = Debug|Any CPU
		{B6085C3B-2368-4B61-B933-A1B70848438B}.Ad-Hoc|iPhone.ActiveCfg = Debug|Any CPU
		{B6085C3B-2368-4B61-B933-A1B70848438B}.Ad-Hoc|iPhone.Build.0 = Debug|Any CPU
		{B6085C3B-2368-4B61-B933-A1B70848438B}.Ad-Hoc|iPhoneSimulator.ActiveCfg = Debug|Any CPU
		{B6085C3B-2368-4B61-B933-A1B70848438B}.Ad-Hoc|iPhoneSimulator.Build.0 = Debug|Any CPU
		{B6085C3B-2368-4B61-B933-A1B70848438B}.Ad-Hoc|x64.ActiveCfg = Debug|Any CPU
		{B6085C3B-2368-4B61-B933-A1B70848438B}.Ad-Hoc|x64.Build.0 = Debug|Any CPU
		{B6085C3B-2368-4B61-B933-A1B70848438B}.Ad-Hoc|x86.ActiveCfg = Debug|Any CPU
		{B6085C3B-2368-4B61-B933-A1B70848438B}.Ad-Hoc|x86.Build.0 = Debug|Any CPU
		{B6085C3B-2368-4B61-B933-A1B70848438B}.AppStore|Any CPU.ActiveCfg = Debug|Any CPU
		{B6085C3B-2368-4B61-B933-A1B70848438B}.AppStore|Any CPU.Build.0 = Debug|Any CPU
		{B6085C3B-2368-4B61-B933-A1B70848438B}.AppStore|ARM.ActiveCfg = Debug|Any CPU
		{B6085C3B-2368-4B61-B933-A1B70848438B}.AppStore|ARM.Build.0 = Debug|Any CPU
		{B6085C3B-2368-4B61-B933-A1B70848438B}.AppStore|iPhone.ActiveCfg = Debug|Any CPU
		{B6085C3B-2368-4B61-B933-A1B70848438B}.AppStore|iPhone.Build.0 = Debug|Any CPU
		{B6085C3B-2368-4B61-B933-A1B70848438B}.AppStore|iPhoneSimulator.ActiveCfg = Debug|Any CPU
		{B6085C3B-2368-4B61-B933-A1B70848438B}.AppStore|iPhoneSimulator.Build.0 = Debug|Any CPU
		{B6085C3B-2368-4B61-B933-A1B70848438B}.AppStore|x64.ActiveCfg = Debug|Any CPU
		{B6085C3B-2368-4B61-B933-A1B70848438B}.AppStore|x64.Build.0 = Debug|Any CPU
		{B6085C3B-2368-4B61-B933-A1B70848438B}.AppStore|x86.ActiveCfg = Debug|Any CPU
		{B6085C3B-2368-4B61-B933-A1B70848438B}.AppStore|x86.Build.0 = Debug|Any CPU
		{B6085C3B-2368-4B61-B933-A1B70848438B}.Debug|Any CPU.ActiveCfg = Debug|Any CPU
		{B6085C3B-2368-4B61-B933-A1B70848438B}.Debug|Any CPU.Build.0 = Debug|Any CPU
		{B6085C3B-2368-4B61-B933-A1B70848438B}.Debug|ARM.ActiveCfg = Debug|Any CPU
		{B6085C3B-2368-4B61-B933-A1B70848438B}.Debug|ARM.Build.0 = Debug|Any CPU
		{B6085C3B-2368-4B61-B933-A1B70848438B}.Debug|iPhone.ActiveCfg = Debug|Any CPU
		{B6085C3B-2368-4B61-B933-A1B70848438B}.Debug|iPhone.Build.0 = Debug|Any CPU
		{B6085C3B-2368-4B61-B933-A1B70848438B}.Debug|iPhoneSimulator.ActiveCfg = Debug|Any CPU
		{B6085C3B-2368-4B61-B933-A1B70848438B}.Debug|iPhoneSimulator.Build.0 = Debug|Any CPU
		{B6085C3B-2368-4B61-B933-A1B70848438B}.Debug|x64.ActiveCfg = Debug|Any CPU
		{B6085C3B-2368-4B61-B933-A1B70848438B}.Debug|x64.Build.0 = Debug|Any CPU
		{B6085C3B-2368-4B61-B933-A1B70848438B}.Debug|x86.ActiveCfg = Debug|Any CPU
		{B6085C3B-2368-4B61-B933-A1B70848438B}.Debug|x86.Build.0 = Debug|Any CPU
		{B6085C3B-2368-4B61-B933-A1B70848438B}.Release|Any CPU.ActiveCfg = Release|Any CPU
		{B6085C3B-2368-4B61-B933-A1B70848438B}.Release|Any CPU.Build.0 = Release|Any CPU
		{B6085C3B-2368-4B61-B933-A1B70848438B}.Release|ARM.ActiveCfg = Release|Any CPU
		{B6085C3B-2368-4B61-B933-A1B70848438B}.Release|ARM.Build.0 = Release|Any CPU
		{B6085C3B-2368-4B61-B933-A1B70848438B}.Release|iPhone.ActiveCfg = Release|Any CPU
		{B6085C3B-2368-4B61-B933-A1B70848438B}.Release|iPhone.Build.0 = Release|Any CPU
		{B6085C3B-2368-4B61-B933-A1B70848438B}.Release|iPhoneSimulator.ActiveCfg = Release|Any CPU
		{B6085C3B-2368-4B61-B933-A1B70848438B}.Release|iPhoneSimulator.Build.0 = Release|Any CPU
		{B6085C3B-2368-4B61-B933-A1B70848438B}.Release|x64.ActiveCfg = Release|Any CPU
		{B6085C3B-2368-4B61-B933-A1B70848438B}.Release|x64.Build.0 = Release|Any CPU
		{B6085C3B-2368-4B61-B933-A1B70848438B}.Release|x86.ActiveCfg = Release|Any CPU
		{B6085C3B-2368-4B61-B933-A1B70848438B}.Release|x86.Build.0 = Release|Any CPU
	EndGlobalSection
	GlobalSection(SolutionProperties) = preSolution
		HideSolutionNode = FALSE
	EndGlobalSection
	GlobalSection(NestedProjects) = preSolution
		{6279C845-92F8-4333-AB99-3D213163593C} = {2DDD1D44-0B31-4DD9-8D9E-ABEEBF585220}
		{D821D0DE-EAE6-4DBF-A13F-4133FB602BE5} = {2DDD1D44-0B31-4DD9-8D9E-ABEEBF585220}
		{E084A055-4918-45F2-8C1E-EBC177891769} = {2DDD1D44-0B31-4DD9-8D9E-ABEEBF585220}
		{5548F22E-6B3C-4B29-BD57-C5BAE5022DB7} = {2DDD1D44-0B31-4DD9-8D9E-ABEEBF585220}
		{D3B3B6E8-3265-42F6-9EF8-CB77856BB996} = {2DDD1D44-0B31-4DD9-8D9E-ABEEBF585220}
		{850C43A4-4DBC-4AEE-94C0-811F85FF23AE} = {2DDD1D44-0B31-4DD9-8D9E-ABEEBF585220}
	EndGlobalSection
	GlobalSection(ExtensibilityGlobals) = postSolution
		SolutionGuid = {B866580B-0A66-4E3F-AF17-B5F9B277CA06}
	EndGlobalSection
EndGlobal
